
Microsoft Visual Studio Solution File, Format Version 12.00
# Visual Studio Version 17
VisualStudioVersion = 17.12.35527.113 d17.12
MinimumVisualStudioVersion = 10.0.40219.1
Project("{FAE04EC0-301F-11D3-BF4B-00C04F79EFBC}") = "area do circulo", "area do circulo.csproj", "{EF5D9F5C-AA49-4709-9EDA-2911798C453B}"
EndProject
Global
	GlobalSection(SolutionConfigurationPlatforms) = preSolution
		Debug|Any CPU = Debug|Any CPU
		Release|Any CPU = Release|Any CPU
	EndGlobalSection
	GlobalSection(ProjectConfigurationPlatforms) = postSolution
		{EF5D9F5C-AA49-4709-9EDA-2911798C453B}.Debug|Any CPU.ActiveCfg = Debug|Any CPU
		{EF5D9F5C-AA49-4709-9EDA-2911798C453B}.Debug|Any CPU.Build.0 = Debug|Any CPU
		{EF5D9F5C-AA49-4709-9EDA-2911798C453B}.Release|Any CPU.ActiveCfg = Release|Any CPU
		{EF5D9F5C-AA49-4709-9EDA-2911798C453B}.Release|Any CPU.Build.0 = Release|Any CPU
	EndGlobalSection
	GlobalSection(SolutionProperties) = preSolution
		HideSolutionNode = FALSE
	EndGlobalSection
EndGlobal
